Microsoft Visual Studio Solution File, Format Version 12.00
# Visual Studio Version 17
VisualStudioVersion = 17.5.2.0
MinimumVisualStudioVersion = 10.0.40219.1
Project("{2150E333-8FDC-42A3-9474-1A3956D46DE8}") = "src", "src", "{827E0CD3-B72D-47B6-A68D-7590B98EB39B}"
EndProject
Project("{FAE04EC0-301F-11D3-BF4B-00C04F79EFBC}") = "ItemManager", "src\ItemManager\ItemManager.csproj", "{517BE172-EAA1-F74A-59F6-75DD72A129E1}"
EndProject
Project("{FAE04EC0-301F-11D3-BF4B-00C04F79EFBC}") = "ItemManager.Client", "src\ItemManager.Client\ItemManager.Client.csproj", "{71B9DF60-7D74-4C1F-A540-B0A2A297AAE6}"
EndProject
Project("{FAE04EC0-301F-11D3-BF4B-00C04F79EFBC}") = "ItemManager.ApiClient", "src\ItemManager.ApiClient\ItemManager.ApiClient.csproj", "{83A9D861-22B1-47CE-9446-7F7055741FBA}"
EndProject
Project("{FAE04EC0-301F-11D3-BF4B-00C04F79EFBC}") = "ItemManager.WebApp", "src\ItemManager.WebApp\ItemManager.WebApp.csproj", "{A51B15E3-5ECF-42F5-BD42-EE1B8AD63FBA}"
EndProject
Project("{FAE04EC0-301F-11D3-BF4B-00C04F79EFBC}") = "ItemManager.Gui", "src\ItemManager.Gui\ItemManager.Gui.csproj", "{5B7FD251-F4DC-CB07-A3C4-8EB05F53F82C}"
EndProject
Project("{FAE04EC0-301F-11D3-BF4B-00C04F79EFBC}") = "ItemManager.PushClient", "src\ItemManager.PushClient\ItemManager.PushClient.csproj", "{18745914-3F31-490B-8782-A9CDAE2D9A8F}"
EndProject
Project("{FAE04EC0-301F-11D3-BF4B-00C04F79EFBC}") = "ItemManager.Core", "src\ItemManager.Core\ItemManager.Core.csproj", "{4ED569BF-4852-5BFA-B9B8-1078B75F9020}"
EndProject
Global
	GlobalSection(SolutionConfigurationPlatforms) = preSolution
		Debug|Any CPU = Debug|Any CPU
		Release|Any CPU = Release|Any CPU
	EndGlobalSection
	GlobalSection(ProjectConfigurationPlatforms) = postSolution
		{517BE172-EAA1-F74A-59F6-75DD72A129E1}.Debug|Any CPU.ActiveCfg = Debug|Any CPU
		{517BE172-EAA1-F74A-59F6-75DD72A129E1}.Debug|Any CPU.Build.0 = Debug|Any CPU
		{517BE172-EAA1-F74A-59F6-75DD72A129E1}.Release|Any CPU.ActiveCfg = Release|Any CPU
		{517BE172-EAA1-F74A-59F6-75DD72A129E1}.Release|Any CPU.Build.0 = Release|Any CPU
		{71B9DF60-7D74-4C1F-A540-B0A2A297AAE6}.Debug|Any CPU.ActiveCfg = Debug|Any CPU
		{71B9DF60-7D74-4C1F-A540-B0A2A297AAE6}.Debug|Any CPU.Build.0 = Debug|Any CPU
		{71B9DF60-7D74-4C1F-A540-B0A2A297AAE6}.Release|Any CPU.ActiveCfg = Release|Any CPU
		{71B9DF60-7D74-4C1F-A540-B0A2A297AAE6}.Release|Any CPU.Build.0 = Release|Any CPU
		{83A9D861-22B1-47CE-9446-7F7055741FBA}.Debug|Any CPU.ActiveCfg = Debug|Any CPU
		{83A9D861-22B1-47CE-9446-7F7055741FBA}.Debug|Any CPU.Build.0 = Debug|Any CPU
		{83A9D861-22B1-47CE-9446-7F7055741FBA}.Release|Any CPU.ActiveCfg = Release|Any CPU
		{83A9D861-22B1-47CE-9446-7F7055741FBA}.Release|Any CPU.Build.0 = Release|Any CPU
		{A51B15E3-5ECF-42F5-BD42-EE1B8AD63FBA}.Debug|Any CPU.ActiveCfg = Debug|Any CPU
		{A51B15E3-5ECF-42F5-BD42-EE1B8AD63FBA}.Debug|Any CPU.Build.0 = Debug|Any CPU
		{A51B15E3-5ECF-42F5-BD42-EE1B8AD63FBA}.Release|Any CPU.ActiveCfg = Release|Any CPU
		{A51B15E3-5ECF-42F5-BD42-EE1B8AD63FBA}.Release|Any CPU.Build.0 = Release|Any CPU
		{5B7FD251-F4DC-CB07-A3C4-8EB05F53F82C}.Debug|Any CPU.ActiveCfg = Debug|Any CPU
		{5B7FD251-F4DC-CB07-A3C4-8EB05F53F82C}.Debug|Any CPU.Build.0 = Debug|Any CPU
		{5B7FD251-F4DC-CB07-A3C4-8EB05F53F82C}.Release|Any CPU.ActiveCfg = Release|Any CPU
		{5B7FD251-F4DC-CB07-A3C4-8EB05F53F82C}.Release|Any CPU.Build.0 = Release|Any CPU
		{18745914-3F31-490B-8782-A9CDAE2D9A8F}.Debug|Any CPU.ActiveCfg = Debug|Any CPU
		{18745914-3F31-490B-8782-A9CDAE2D9A8F}.Debug|Any CPU.Build.0 = Debug|Any CPU
		{18745914-3F31-490B-8782-A9CDAE2D9A8F}.Release|Any CPU.ActiveCfg = Release|Any CPU
		{18745914-3F31-490B-8782-A9CDAE2D9A8F}.Release|Any CPU.Build.0 = Release|Any CPU
		{4ED569BF-4852-5BFA-B9B8-1078B75F9020}.Debug|Any CPU.ActiveCfg = Debug|Any CPU
		{4ED569BF-4852-5BFA-B9B8-1078B75F9020}.Debug|Any CPU.Build.0 = Debug|Any CPU
		{4ED569BF-4852-5BFA-B9B8-1078B75F9020}.Release|Any CPU.ActiveCfg = Release|Any CPU
		{4ED569BF-4852-5BFA-B9B8-1078B75F9020}.Release|Any CPU.Build.0 = Release|Any CPU
	EndGlobalSection
	GlobalSection(SolutionProperties) = preSolution
		HideSolutionNode = FALSE
	EndGlobalSection
	GlobalSection(NestedProjects) = preSolution
		{517BE172-EAA1-F74A-59F6-75DD72A129E1} = {827E0CD3-B72D-47B6-A68D-7590B98EB39B}
		{71B9DF60-7D74-4C1F-A540-B0A2A297AAE6} = {827E0CD3-B72D-47B6-A68D-7590B98EB39B}
		{83A9D861-22B1-47CE-9446-7F7055741FBA} = {827E0CD3-B72D-47B6-A68D-7590B98EB39B}
		{A51B15E3-5ECF-42F5-BD42-EE1B8AD63FBA} = {827E0CD3-B72D-47B6-A68D-7590B98EB39B}
		{5B7FD251-F4DC-CB07-A3C4-8EB05F53F82C} = {827E0CD3-B72D-47B6-A68D-7590B98EB39B}
		{18745914-3F31-490B-8782-A9CDAE2D9A8F} = {827E0CD3-B72D-47B6-A68D-7590B98EB39B}
	EndGlobalSection
	GlobalSection(ExtensibilityGlobals) = postSolution
		SolutionGuid = {30943417-F3F9-4D27-9564-BC6EAEDF06F7}
	EndGlobalSection
EndGlobal
